// !$*UTF8*$!
{
	archiveVersion = 1;
	classes = {
	};
	objectVersion = 46;
	objects = {

/* Begin PBXBuildFile section */
		4E0941081E6B8F16000EA173 /* PGPageViewController.swift in Sources */ = {isa = PBXBuildFile; fileRef = 4E0941071E6B8F16000EA173 /* PGPageViewController.swift */; };
		4E0941091E6B8F16000EA173 /* PGPageViewController.swift in Sources */ = {isa = PBXBuildFile; fileRef = 4E0941071E6B8F16000EA173 /* PGPageViewController.swift */; };
		4E09410B1E6BB001000EA173 /* PGSearchViewController.swift in Sources */ = {isa = PBXBuildFile; fileRef = 4E09410A1E6BB001000EA173 /* PGSearchViewController.swift */; };
		4E09410C1E6BB001000EA173 /* PGSearchViewController.swift in Sources */ = {isa = PBXBuildFile; fileRef = 4E09410A1E6BB001000EA173 /* PGSearchViewController.swift */; };
		4E0941111E6D08F5000EA173 /* pt-yellow.png in Resources */ = {isa = PBXBuildFile; fileRef = 4E0941101E6D08F5000EA173 /* pt-yellow.png */; };
		4E0941131E6DD7F6000EA173 /* PokemonTableViewCell.swift in Sources */ = {isa = PBXBuildFile; fileRef = 4E0941121E6DD7F6000EA173 /* PokemonTableViewCell.swift */; };
		4E0941151E6DEAB8000EA173 /* PokemonHeaderTableViewCell.swift in Sources */ = {isa = PBXBuildFile; fileRef = 4E0941141E6DEAB8000EA173 /* PokemonHeaderTableViewCell.swift */; };
		4E0941171E6DF2AB000EA173 /* MoveSimpleTableViewCell.swift in Sources */ = {isa = PBXBuildFile; fileRef = 4E0941161E6DF2AB000EA173 /* MoveSimpleTableViewCell.swift */; };
		4E0941191E6DF597000EA173 /* MoveHeaderTableViewCell.swift in Sources */ = {isa = PBXBuildFile; fileRef = 4E0941181E6DF597000EA173 /* MoveHeaderTableViewCell.swift */; };
		4E09411B1E6DFFB3000EA173 /* pt-black.png in Resources */ = {isa = PBXBuildFile; fileRef = 4E09411A1E6DFFB3000EA173 /* pt-black.png */; };
		4E09411E1E6E0141000EA173 /* movedex-go.json in Resources */ = {isa = PBXBuildFile; fileRef = 4E09411C1E6E0141000EA173 /* movedex-go.json */; };
		4E90C5AB1E6F1FB3008A6ADB /* godex.json in Resources */ = {isa = PBXBuildFile; fileRef = 4E90C5AA1E6F1FB3008A6ADB /* godex.json */; };
		4E90C5AD1E6F4D00008A6ADB /* pokemon_desc_30.json in Resources */ = {isa = PBXBuildFile; fileRef = 4E90C5AC1E6F4D00008A6ADB /* pokemon_desc_30.json */; };
		4E90C5AF1E6F4DC2008A6ADB /* DescriptionTableViewCell.swift in Sources */ = {isa = PBXBuildFile; fileRef = 4E90C5AE1E6F4DC2008A6ADB /* DescriptionTableViewCell.swift */; };
		4E90C5B11E6F5DC1008A6ADB /* MoveNameTableViewCell.swift in Sources */ = {isa = PBXBuildFile; fileRef = 4E90C5B01E6F5DC1008A6ADB /* MoveNameTableViewCell.swift */; };
		4E9F8B651E67916C00A9CD59 /* AppDelegate.swift in Sources */ = {isa = PBXBuildFile; fileRef = 4E9F8B641E67916C00A9CD59 /* AppDelegate.swift */; };
		4E9F8B6A1E67916C00A9CD59 /* Main.storyboard in Resources */ = {isa = PBXBuildFile; fileRef = 4E9F8B681E67916C00A9CD59 /* Main.storyboard */; };
		4E9F8B6C1E67916C00A9CD59 /* Assets.xcassets in Resources */ = {isa = PBXBuildFile; fileRef = 4E9F8B6B1E67916C00A9CD59 /* Assets.xcassets */; };
		4E9F8B6F1E67916C00A9CD59 /* LaunchScreen.storyboard in Resources */ = {isa = PBXBuildFile; fileRef = 4E9F8B6D1E67916C00A9CD59 /* LaunchScreen.storyboard */; };
		4E9F8B7A1E67916C00A9CD59 /* PokedexGoTests.swift in Sources */ = {isa = PBXBuildFile; fileRef = 4E9F8B791E67916C00A9CD59 /* PokedexGoTests.swift */; };
		4E9F8B851E67916C00A9CD59 /* PokedexGoUITests.swift in Sources */ = {isa = PBXBuildFile; fileRef = 4E9F8B841E67916C00A9CD59 /* PokedexGoUITests.swift */; };
		4E9F8B951E68E3D900A9CD59 /* DexTableViewController.swift in Sources */ = {isa = PBXBuildFile; fileRef = 4E9F8B941E68E3D900A9CD59 /* DexTableViewController.swift */; };
		4E9F8B971E68E5A900A9CD59 /* PGHelper.swift in Sources */ = {isa = PBXBuildFile; fileRef = 4E9F8B961E68E5A900A9CD59 /* PGHelper.swift */; };
		4E9F8B981E69D5E100A9CD59 /* DexTableViewController.swift in Sources */ = {isa = PBXBuildFile; fileRef = 4E9F8B941E68E3D900A9CD59 /* DexTableViewController.swift */; };
		4E9F8B9A1E69DF8800A9CD59 /* point-bg.png in Resources */ = {isa = PBXBuildFile; fileRef = 4E9F8B991E69DF8800A9CD59 /* point-bg.png */; };
		4E9F8B9E1E69E5CC00A9CD59 /* PTTypeButton.m in Sources */ = {isa = PBXBuildFile; fileRef = 4E9F8B9D1E69E5CC00A9CD59 /* PTTypeButton.m */; };
		4E9F8BA01E69E77000A9CD59 /* TypeTableViewCell.swift in Sources */ = {isa = PBXBuildFile; fileRef = 4E9F8B9F1E69E77000A9CD59 /* TypeTableViewCell.swift */; };
		4E9F8BA11E69E77000A9CD59 /* TypeTableViewCell.swift in Sources */ = {isa = PBXBuildFile; fileRef = 4E9F8B9F1E69E77000A9CD59 /* TypeTableViewCell.swift */; };
		4E9F8BA31E6A013600A9CD59 /* StatsTableViewCell.swift in Sources */ = {isa = PBXBuildFile; fileRef = 4E9F8BA21E6A013600A9CD59 /* StatsTableViewCell.swift */; };
		4E9F8BA41E6A013600A9CD59 /* StatsTableViewCell.swift in Sources */ = {isa = PBXBuildFile; fileRef = 4E9F8BA21E6A013600A9CD59 /* StatsTableViewCell.swift */; };
		4E9F8BA61E6A1BE500A9CD59 /* NameTableViewCell.swift in Sources */ = {isa = PBXBuildFile; fileRef = 4E9F8BA51E6A1BE500A9CD59 /* NameTableViewCell.swift */; };
		4E9F8BA71E6A1BE500A9CD59 /* NameTableViewCell.swift in Sources */ = {isa = PBXBuildFile; fileRef = 4E9F8BA51E6A1BE500A9CD59 /* NameTableViewCell.swift */; };
		4E9F8BA91E6A1D1A00A9CD59 /* ImageTableViewCell.swift in Sources */ = {isa = PBXBuildFile; fileRef = 4E9F8BA81E6A1D1A00A9CD59 /* ImageTableViewCell.swift */; };
		4E9F8BAA1E6A1D1A00A9CD59 /* ImageTableViewCell.swift in Sources */ = {isa = PBXBuildFile; fileRef = 4E9F8BA81E6A1D1A00A9CD59 /* ImageTableViewCell.swift */; };
		4E9F8BAC1E6A255000A9CD59 /* TitleTableViewCell.swift in Sources */ = {isa = PBXBuildFile; fileRef = 4E9F8BAB1E6A255000A9CD59 /* TitleTableViewCell.swift */; };
		4E9F8BAD1E6A255000A9CD59 /* TitleTableViewCell.swift in Sources */ = {isa = PBXBuildFile; fileRef = 4E9F8BAB1E6A255000A9CD59 /* TitleTableViewCell.swift */; };
		4E9F8BAF1E6A491700A9CD59 /* MoveTableViewCell.swift in Sources */ = {isa = PBXBuildFile; fileRef = 4E9F8BAE1E6A491700A9CD59 /* MoveTableViewCell.swift */; };
		4E9F8BB01E6A491700A9CD59 /* MoveTableViewCell.swift in Sources */ = {isa = PBXBuildFile; fileRef = 4E9F8BAE1E6A491700A9CD59 /* MoveTableViewCell.swift */; };
		4E9F8BB31E6A4F6F00A9CD59 /* layout.json in Resources */ = {isa = PBXBuildFile; fileRef = 4E9F8BB21E6A4F6F00A9CD59 /* layout.json */; };
		4E9F8BB41E6A4F6F00A9CD59 /* layout.json in Resources */ = {isa = PBXBuildFile; fileRef = 4E9F8BB21E6A4F6F00A9CD59 /* layout.json */; };
		4E9F8BB61E6A649E00A9CD59 /* PGJSON.swift in Sources */ = {isa = PBXBuildFile; fileRef = 4E9F8BB51E6A649E00A9CD59 /* PGJSON.swift */; };
		4E9F8BB71E6A649E00A9CD59 /* PGJSON.swift in Sources */ = {isa = PBXBuildFile; fileRef = 4E9F8BB51E6A649E00A9CD59 /* PGJSON.swift */; };
/* End PBXBuildFile section */

/* Begin PBXContainerItemProxy section */
		4E9F8B761E67916C00A9CD59 /* PBXContainerItemProxy */ = {
			isa = PBXContainerItemProxy;
			containerPortal = 4E9F8B591E67916C00A9CD59 /* Project object */;
			proxyType = 1;
			remoteGlobalIDString = 4E9F8B601E67916C00A9CD59;
			remoteInfo = PokedexGo;
		};
		4E9F8B811E67916C00A9CD59 /* PBXContainerItemProxy */ = {
			isa = PBXContainerItemProxy;
			containerPortal = 4E9F8B591E67916C00A9CD59 /* Project object */;
			proxyType = 1;
			remoteGlobalIDString = 4E9F8B601E67916C00A9CD59;
			remoteInfo = PokedexGo;
		};
/* End PBXContainerItemProxy section */

/* Begin PBXFileReference section */
		4E0941071E6B8F16000EA173 /* PGPageViewController.swift */ = {isa = PBXFileReference; fileEncoding = 4; lastKnownFileType = sourcecode.swift; name = PGPageViewController.swift; path = ../PGPageViewController.swift; sourceTree = "<group>"; };
		4E09410A1E6BB001000EA173 /* PGSearchViewController.swift */ = {isa = PBXFileReference; fileEncoding = 4; lastKnownFileType = sourcecode.swift; path = PGSearchViewController.swift; sourceTree = "<group>"; };
		4E0941101E6D08F5000EA173 /* pt-yellow.png */ = {isa = PBXFileReference; lastKnownFileType = image.png; path = "pt-yellow.png"; sourceTree = "<group>"; };
		4E0941121E6DD7F6000EA173 /* PokemonTableViewCell.swift */ = {isa = PBXFileReference; fileEncoding = 4; lastKnownFileType = sourcecode.swift; path = PokemonTableViewCell.swift; sourceTree = "<group>"; };
		4E0941141E6DEAB8000EA173 /* PokemonHeaderTableViewCell.swift */ = {isa = PBXFileReference; fileEncoding = 4; lastKnownFileType = sourcecode.swift; path = PokemonHeaderTableViewCell.swift; sourceTree = "<group>"; };
		4E0941161E6DF2AB000EA173 /* MoveSimpleTableViewCell.swift */ = {isa = PBXFileReference; fileEncoding = 4; lastKnownFileType = sourcecode.swift; path = MoveSimpleTableViewCell.swift; sourceTree = "<group>"; };
		4E0941181E6DF597000EA173 /* MoveHeaderTableViewCell.swift */ = {isa = PBXFileReference; fileEncoding = 4; lastKnownFileType = sourcecode.swift; path = MoveHeaderTableViewCell.swift; sourceTree = "<group>"; };
		4E09411A1E6DFFB3000EA173 /* pt-black.png */ = {isa = PBXFileReference; lastKnownFileType = image.png; path = "pt-black.png"; sourceTree = "<group>"; };
		4E09411C1E6E0141000EA173 /* movedex-go.json */ = {isa = PBXFileReference; fileEncoding = 4; lastKnownFileType = text.json; path = "movedex-go.json"; sourceTree = "<group>"; };
		4E90C5AA1E6F1FB3008A6ADB /* godex.json */ = {isa = PBXFileReference; fileEncoding = 4; lastKnownFileType = text.json; path = godex.json; sourceTree = "<group>"; };
		4E90C5AC1E6F4D00008A6ADB /* pokemon_desc_30.json */ = {isa = PBXFileReference; fileEncoding = 4; lastKnownFileType = text.json; path = pokemon_desc_30.json; sourceTree = "<group>"; };
		4E90C5AE1E6F4DC2008A6ADB /* DescriptionTableViewCell.swift */ = {isa = PBXFileReference; fileEncoding = 4; lastKnownFileType = sourcecode.swift; path = DescriptionTableViewCell.swift; sourceTree = "<group>"; };
		4E90C5B01E6F5DC1008A6ADB /* MoveNameTableViewCell.swift */ = {isa = PBXFileReference; fileEncoding = 4; lastKnownFileType = sourcecode.swift; path = MoveNameTableViewCell.swift; sourceTree = "<group>"; };
		4E9F8B611E67916C00A9CD59 /* PokedexGo.app */ = {isa = PBXFileReference; explicitFileType = wrapper.application; includeInIndex = 0; path = PokedexGo.app; sourceTree = BUILT_PRODUCTS_DIR; };
		4E9F8B641E67916C00A9CD59 /* AppDelegate.swift */ = {isa = PBXFileReference; lastKnownFileType = sourcecode.swift; path = AppDelegate.swift; sourceTree = "<group>"; };
		4E9F8B691E67916C00A9CD59 /* Base */ = {isa = PBXFileReference; lastKnownFileType = file.storyboard; name = Base; path = Base.lproj/Main.storyboard; sourceTree = "<group>"; };
		4E9F8B6B1E67916C00A9CD59 /* Assets.xcassets */ = {isa = PBXFileReference; lastKnownFileType = folder.assetcatalog; path = Assets.xcassets; sourceTree = "<group>"; };
		4E9F8B6E1E67916C00A9CD59 /* Base */ = {isa = PBXFileReference; lastKnownFileType = file.storyboard; name = Base; path = Base.lproj/LaunchScreen.storyboard; sourceTree = "<group>"; };
		4E9F8B701E67916C00A9CD59 /* Info.plist */ = {isa = PBXFileReference; lastKnownFileType = text.plist.xml; path = Info.plist; sourceTree = "<group>"; };
		4E9F8B751E67916C00A9CD59 /* PokedexGoTests.xctest */ = {isa = PBXFileReference; explicitFileType = wrapper.cfbundle; includeInIndex = 0; path = PokedexGoTests.xctest; sourceTree = BUILT_PRODUCTS_DIR; };
		4E9F8B791E67916C00A9CD59 /* PokedexGoTests.swift */ = {isa = PBXFileReference; lastKnownFileType = sourcecode.swift; path = PokedexGoTests.swift; sourceTree = "<group>"; };
		4E9F8B7B1E67916C00A9CD59 /* Info.plist */ = {isa = PBXFileReference; lastKnownFileType = text.plist.xml; path = Info.plist; sourceTree = "<group>"; };
		4E9F8B801E67916C00A9CD59 /* PokedexGoUITests.xctest */ = {isa = PBXFileReference; explicitFileType = wrapper.cfbundle; includeInIndex = 0; path = PokedexGoUITests.xctest; sourceTree = BUILT_PRODUCTS_DIR; };
		4E9F8B841E67916C00A9CD59 /* PokedexGoUITests.swift */ = {isa = PBXFileReference; lastKnownFileType = sourcecode.swift; path = PokedexGoUITests.swift; sourceTree = "<group>"; };
		4E9F8B861E67916C00A9CD59 /* Info.plist */ = {isa = PBXFileReference; lastKnownFileType = text.plist.xml; path = Info.plist; sourceTree = "<group>"; };
		4E9F8B941E68E3D900A9CD59 /* DexTableViewController.swift */ = {isa = PBXFileReference; fileEncoding = 4; lastKnownFileType = sourcecode.swift; name = DexTableViewController.swift; path = ../DexTableViewController.swift; sourceTree = "<group>"; };
		4E9F8B961E68E5A900A9CD59 /* PGHelper.swift */ = {isa = PBXFileReference; fileEncoding = 4; lastKnownFileType = sourcecode.swift; path = PGHelper.swift; sourceTree = "<group>"; };
		4E9F8B991E69DF8800A9CD59 /* point-bg.png */ = {isa = PBXFileReference; lastKnownFileType = image.png; path = "point-bg.png"; sourceTree = "<group>"; };
		4E9F8B9B1E69E5CA00A9CD59 /* PokedexGo-Bridging-Header.h */ = {isa = PBXFileReference; lastKnownFileType = sourcecode.c.h; path = "PokedexGo-Bridging-Header.h"; sourceTree = "<group>"; };
		4E9F8B9C1E69E5CC00A9CD59 /* PTTypeButton.h */ = {isa = PBXFileReference; fileEncoding = 4; lastKnownFileType = sourcecode.c.h; path = PTTypeButton.h; sourceTree = "<group>"; };
		4E9F8B9D1E69E5CC00A9CD59 /* PTTypeButton.m */ = {isa = PBXFileReference; fileEncoding = 4; lastKnownFileType = sourcecode.c.objc; path = PTTypeButton.m; sourceTree = "<group>"; };
		4E9F8B9F1E69E77000A9CD59 /* TypeTableViewCell.swift */ = {isa = PBXFileReference; fileEncoding = 4; lastKnownFileType = sourcecode.swift; path = TypeTableViewCell.swift; sourceTree = "<group>"; };
		4E9F8BA21E6A013600A9CD59 /* StatsTableViewCell.swift */ = {isa = PBXFileReference; fileEncoding = 4; lastKnownFileType = sourcecode.swift; path = StatsTableViewCell.swift; sourceTree = "<group>"; };
		4E9F8BA51E6A1BE500A9CD59 /* NameTableViewCell.swift */ = {isa = PBXFileReference; fileEncoding = 4; lastKnownFileType = sourcecode.swift; path = NameTableViewCell.swift; sourceTree = "<group>"; };
		4E9F8BA81E6A1D1A00A9CD59 /* ImageTableViewCell.swift */ = {isa = PBXFileReference; fileEncoding = 4; lastKnownFileType = sourcecode.swift; path = ImageTableViewCell.swift; sourceTree = "<group>"; };
		4E9F8BAB1E6A255000A9CD59 /* TitleTableViewCell.swift */ = {isa = PBXFileReference; fileEncoding = 4; lastKnownFileType = sourcecode.swift; path = TitleTableViewCell.swift; sourceTree = "<group>"; };
		4E9F8BAE1E6A491700A9CD59 /* MoveTableViewCell.swift */ = {isa = PBXFileReference; fileEncoding = 4; lastKnownFileType = sourcecode.swift; path = MoveTableViewCell.swift; sourceTree = "<group>"; };
		4E9F8BB21E6A4F6F00A9CD59 /* layout.json */ = {isa = PBXFileReference; fileEncoding = 4; lastKnownFileType = text.json; path = layout.json; sourceTree = "<group>"; };
		4E9F8BB51E6A649E00A9CD59 /* PGJSON.swift */ = {isa = PBXFileReference; fileEncoding = 4; lastKnownFileType = sourcecode.swift; path = PGJSON.swift; sourceTree = "<group>"; };
/* End PBXFileReference section */

/* Begin PBXFrameworksBuildPhase section */
		4E9F8B5E1E67916C00A9CD59 /* Frameworks */ = {
			isa = PBXFrameworksBuildPhase;
			buildActionMask = 2147483647;
			files = (
			);
			runOnlyForDeploymentPostprocessing = 0;
		};
		4E9F8B721E67916C00A9CD59 /* Frameworks */ = {
			isa = PBXFrameworksBuildPhase;
			buildActionMask = 2147483647;
			files = (
			);
			runOnlyForDeploymentPostprocessing = 0;
		};
		4E9F8B7D1E67916C00A9CD59 /* Frameworks */ = {
			isa = PBXFrameworksBuildPhase;
			buildActionMask = 2147483647;
			files = (
			);
			runOnlyForDeploymentPostprocessing = 0;
		};
/* End PBXFrameworksBuildPhase section */

/* Begin PBXGroup section */
		4E9F8B581E67916C00A9CD59 = {
			isa = PBXGroup;
			children = (
				4E9F8B631E67916C00A9CD59 /* PokedexGo */,
				4E9F8B781E67916C00A9CD59 /* PokedexGoTests */,
				4E9F8B831E67916C00A9CD59 /* PokedexGoUITests */,
				4E9F8B621E67916C00A9CD59 /* Products */,
			);
			sourceTree = "<group>";
		};
		4E9F8B621E67916C00A9CD59 /* Products */ = {
			isa = PBXGroup;
			children = (
				4E9F8B611E67916C00A9CD59 /* PokedexGo.app */,
				4E9F8B751E67916C00A9CD59 /* PokedexGoTests.xctest */,
				4E9F8B801E67916C00A9CD59 /* PokedexGoUITests.xctest */,
			);
			name = Products;
			sourceTree = "<group>";
		};
		4E9F8B631E67916C00A9CD59 /* PokedexGo */ = {
			isa = PBXGroup;
			children = (
				4E9F8BB11E6A4EB900A9CD59 /* json */,
				4E9F8B641E67916C00A9CD59 /* AppDelegate.swift */,
				4E9F8B941E68E3D900A9CD59 /* DexTableViewController.swift */,
				4E0941071E6B8F16000EA173 /* PGPageViewController.swift */,
				4E09410A1E6BB001000EA173 /* PGSearchViewController.swift */,
				4E9F8B681E67916C00A9CD59 /* Main.storyboard */,
				4E9F8B961E68E5A900A9CD59 /* PGHelper.swift */,
				4E9F8B9C1E69E5CC00A9CD59 /* PTTypeButton.h */,
				4E9F8B9D1E69E5CC00A9CD59 /* PTTypeButton.m */,
				4E9F8B9F1E69E77000A9CD59 /* TypeTableViewCell.swift */,
				4E0941121E6DD7F6000EA173 /* PokemonTableViewCell.swift */,
				4E0941141E6DEAB8000EA173 /* PokemonHeaderTableViewCell.swift */,
				4E0941181E6DF597000EA173 /* MoveHeaderTableViewCell.swift */,
				4E9F8BAE1E6A491700A9CD59 /* MoveTableViewCell.swift */,
				4E0941161E6DF2AB000EA173 /* MoveSimpleTableViewCell.swift */,
				4E9F8BAB1E6A255000A9CD59 /* TitleTableViewCell.swift */,
				4E90C5AE1E6F4DC2008A6ADB /* DescriptionTableViewCell.swift */,
				4E9F8BA21E6A013600A9CD59 /* StatsTableViewCell.swift */,
				4E9F8BA51E6A1BE500A9CD59 /* NameTableViewCell.swift */,
				4E90C5B01E6F5DC1008A6ADB /* MoveNameTableViewCell.swift */,
				4E9F8BA81E6A1D1A00A9CD59 /* ImageTableViewCell.swift */,
				4E9F8B6B1E67916C00A9CD59 /* Assets.xcassets */,
				4E09411A1E6DFFB3000EA173 /* pt-black.png */,
				4E0941101E6D08F5000EA173 /* pt-yellow.png */,
				4E9F8B991E69DF8800A9CD59 /* point-bg.png */,
				4E9F8B6D1E67916C00A9CD59 /* LaunchScreen.storyboard */,
				4E9F8B701E67916C00A9CD59 /* Info.plist */,
				4E9F8B9B1E69E5CA00A9CD59 /* PokedexGo-Bridging-Header.h */,
			);
			path = PokedexGo;
			sourceTree = "<group>";
		};
		4E9F8B781E67916C00A9CD59 /* PokedexGoTests */ = {
			isa = PBXGroup;
			children = (
				4E9F8B791E67916C00A9CD59 /* PokedexGoTests.swift */,
				4E9F8B7B1E67916C00A9CD59 /* Info.plist */,
			);
			path = PokedexGoTests;
			sourceTree = "<group>";
		};
		4E9F8B831E67916C00A9CD59 /* PokedexGoUITests */ = {
			isa = PBXGroup;
			children = (
				4E9F8B841E67916C00A9CD59 /* PokedexGoUITests.swift */,
				4E9F8B861E67916C00A9CD59 /* Info.plist */,
			);
			path = PokedexGoUITests;
			sourceTree = "<group>";
		};
		4E9F8BB11E6A4EB900A9CD59 /* json */ = {
			isa = PBXGroup;
			children = (
				4E9F8BB21E6A4F6F00A9CD59 /* layout.json */,
				4E90C5AA1E6F1FB3008A6ADB /* godex.json */,
				4E09411C1E6E0141000EA173 /* movedex-go.json */,
				4E90C5AC1E6F4D00008A6ADB /* pokemon_desc_30.json */,
				4E9F8BB51E6A649E00A9CD59 /* PGJSON.swift */,
			);
			name = json;
			sourceTree = "<group>";
		};
/* End PBXGroup section */

/* Begin PBXNativeTarget section */
		4E9F8B601E67916C00A9CD59 /* PokedexGo */ = {
			isa = PBXNativeTarget;
			buildConfigurationList = 4E9F8B891E67916C00A9CD59 /* Build configuration list for PBXNativeTarget "PokedexGo" */;
			buildPhases = (
				4E9F8B5D1E67916C00A9CD59 /* Sources */,
				4E9F8B5E1E67916C00A9CD59 /* Frameworks */,
				4E9F8B5F1E67916C00A9CD59 /* Resources */,
			);
			buildRules = (
			);
			dependencies = (
			);
			name = PokedexGo;
			productName = PokedexGo;
			productReference = 4E9F8B611E67916C00A9CD59 /* PokedexGo.app */;
			productType = "com.apple.product-type.application";
		};
		4E9F8B741E67916C00A9CD59 /* PokedexGoTests */ = {
			isa = PBXNativeTarget;
			buildConfigurationList = 4E9F8B8C1E67916C00A9CD59 /* Build configuration list for PBXNativeTarget "PokedexGoTests" */;
			buildPhases = (
				4E9F8B711E67916C00A9CD59 /* Sources */,
				4E9F8B721E67916C00A9CD59 /* Frameworks */,
				4E9F8B731E67916C00A9CD59 /* Resources */,
			);
			buildRules = (
			);
			dependencies = (
				4E9F8B771E67916C00A9CD59 /* PBXTargetDependency */,
			);
			name = PokedexGoTests;
			productName = PokedexGoTests;
			productReference = 4E9F8B751E67916C00A9CD59 /* PokedexGoTests.xctest */;
			productType = "com.apple.product-type.bundle.unit-test";
		};
		4E9F8B7F1E67916C00A9CD59 /* PokedexGoUITests */ = {
			isa = PBXNativeTarget;
			buildConfigurationList = 4E9F8B8F1E67916C00A9CD59 /* Build configuration list for PBXNativeTarget "PokedexGoUITests" */;
			buildPhases = (
				4E9F8B7C1E67916C00A9CD59 /* Sources */,
				4E9F8B7D1E67916C00A9CD59 /* Frameworks */,
				4E9F8B7E1E67916C00A9CD59 /* Resources */,
			);
			buildRules = (
			);
			dependencies = (
				4E9F8B821E67916C00A9CD59 /* PBXTargetDependency */,
			);
			name = PokedexGoUITests;
			productName = PokedexGoUITests;
			productReference = 4E9F8B801E67916C00A9CD59 /* PokedexGoUITests.xctest */;
			productType = "com.apple.product-type.bundle.ui-testing";
		};
/* End PBXNativeTarget section */

/* Begin PBXProject section */
		4E9F8B591E67916C00A9CD59 /* Project object */ = {
			isa = PBXProject;
			attributes = {
				LastSwiftUpdateCheck = 0820;
				LastUpgradeCheck = 0820;
				ORGANIZATIONNAME = PokGear;
				TargetAttributes = {
					4E9F8B601E67916C00A9CD59 = {
						CreatedOnToolsVersion = 8.2.1;
						DevelopmentTeam = 99V67VH5PP;
						LastSwiftMigration = 0820;
						ProvisioningStyle = Automatic;
					};
					4E9F8B741E67916C00A9CD59 = {
						CreatedOnToolsVersion = 8.2.1;
						ProvisioningStyle = Automatic;
						TestTargetID = 4E9F8B601E67916C00A9CD59;
					};
					4E9F8B7F1E67916C00A9CD59 = {
						CreatedOnToolsVersion = 8.2.1;
						ProvisioningStyle = Automatic;
						TestTargetID = 4E9F8B601E67916C00A9CD59;
					};
				};
			};
			buildConfigurationList = 4E9F8B5C1E67916C00A9CD59 /* Build configuration list for PBXProject "PokedexGo" */;
			compatibilityVersion = "Xcode 3.2";
			developmentRegion = English;
			hasScannedForEncodings = 0;
			knownRegions = (
				en,
				Base,
			);
			mainGroup = 4E9F8B581E67916C00A9CD59;
			productRefGroup = 4E9F8B621E67916C00A9CD59 /* Products */;
			projectDirPath = "";
			projectRoot = "";
			targets = (
				4E9F8B601E67916C00A9CD59 /* PokedexGo */,
				4E9F8B741E67916C00A9CD59 /* PokedexGoTests */,
				4E9F8B7F1E67916C00A9CD59 /* PokedexGoUITests */,
			);
		};
/* End PBXProject section */

/* Begin PBXResourcesBuildPhase section */
		4E9F8B5F1E67916C00A9CD59 /* Resources */ = {
			isa = PBXResourcesBuildPhase;
			buildActionMask = 2147483647;
			files = (
				4E9F8B6F1E67916C00A9CD59 /* LaunchScreen.storyboard in Resources */,
				4E90C5AD1E6F4D00008A6ADB /* pokemon_desc_30.json in Resources */,
				4E0941111E6D08F5000EA173 /* pt-yellow.png in Resources */,
				4E09411E1E6E0141000EA173 /* movedex-go.json in Resources */,
				4E09411B1E6DFFB3000EA173 /* pt-black.png in Resources */,
				4E9F8B6C1E67916C00A9CD59 /* Assets.xcassets in Resources */,
				4E9F8B6A1E67916C00A9CD59 /* Main.storyboard in Resources */,
				4E90C5AB1E6F1FB3008A6ADB /* godex.json in Resources */,
				4E9F8B9A1E69DF8800A9CD59 /* point-bg.png in Resources */,
				4E9F8BB31E6A4F6F00A9CD59 /* layout.json in Resources */,
			);
			runOnlyForDeploymentPostprocessing = 0;
		};
		4E9F8B731E67916C00A9CD59 /* Resources */ = {
			isa = PBXResourcesBuildPhase;
			buildActionMask = 2147483647;
			files = (
			);
			runOnlyForDeploymentPostprocessing = 0;
		};
		4E9F8B7E1E67916C00A9CD59 /* Resources */ = {
			isa = PBXResourcesBuildPhase;
			buildActionMask = 2147483647;
			files = (
				4E9F8BB41E6A4F6F00A9CD59 /* layout.json in Resources */,
			);
			runOnlyForDeploymentPostprocessing = 0;
		};
/* End PBXResourcesBuildPhase section */

/* Begin PBXSourcesBuildPhase section */
		4E9F8B5D1E67916C00A9CD59 /* Sources */ = {
			isa = PBXSourcesBuildPhase;
			buildActionMask = 2147483647;
			files = (
				4E90C5B11E6F5DC1008A6ADB /* MoveNameTableViewCell.swift in Sources */,
				4E0941081E6B8F16000EA173 /* PGPageViewController.swift in Sources */,
				4E0941131E6DD7F6000EA173 /* PokemonTableViewCell.swift in Sources */,
				4E9F8B971E68E5A900A9CD59 /* PGHelper.swift in Sources */,
				4E9F8BA91E6A1D1A00A9CD59 /* ImageTableViewCell.swift in Sources */,
				4E9F8BA31E6A013600A9CD59 /* StatsTableViewCell.swift in Sources */,
				4E0941151E6DEAB8000EA173 /* PokemonHeaderTableViewCell.swift in Sources */,
				4E09410B1E6BB001000EA173 /* PGSearchViewController.swift in Sources */,
				4E9F8BA61E6A1BE500A9CD59 /* NameTableViewCell.swift in Sources */,
				4E9F8BA01E69E77000A9CD59 /* TypeTableViewCell.swift in Sources */,
				4E9F8B651E67916C00A9CD59 /* AppDelegate.swift in Sources */,
				4E0941191E6DF597000EA173 /* MoveHeaderTableViewCell.swift in Sources */,
				4E9F8BAF1E6A491700A9CD59 /* MoveTableViewCell.swift in Sources */,
				4E9F8B951E68E3D900A9CD59 /* DexTableViewController.swift in Sources */,
				4E0941171E6DF2AB000EA173 /* MoveSimpleTableViewCell.swift in Sources */,
				4E9F8BAC1E6A255000A9CD59 /* TitleTableViewCell.swift in Sources */,
				4E9F8B9E1E69E5CC00A9CD59 /* PTTypeButton.m in Sources */,
				4E90C5AF1E6F4DC2008A6ADB /* DescriptionTableViewCell.swift in Sources */,
				4E9F8BB61E6A649E00A9CD59 /* PGJSON.swift in Sources */,
			);
			runOnlyForDeploymentPostprocessing = 0;
		};
		4E9F8B711E67916C00A9CD59 /* Sources */ = {
			isa = PBXSourcesBuildPhase;
			buildActionMask = 2147483647;
			files = (
				4E9F8B7A1E67916C00A9CD59 /* PokedexGoTests.swift in Sources */,
				4E9F8B981E69D5E100A9CD59 /* DexTableViewController.swift in Sources */,
			);
			runOnlyForDeploymentPostprocessing = 0;
		};
		4E9F8B7C1E67916C00A9CD59 /* Sources */ = {
			isa = PBXSourcesBuildPhase;
			buildActionMask = 2147483647;
			files = (
				4E09410C1E6BB001000EA173 /* PGSearchViewController.swift in Sources */,
				4E9F8BB71E6A649E00A9CD59 /* PGJSON.swift in Sources */,
				4E9F8B851E67916C00A9CD59 /* PokedexGoUITests.swift in Sources */,
				4E9F8BA41E6A013600A9CD59 /* StatsTableViewCell.swift in Sources */,
				4E0941091E6B8F16000EA173 /* PGPageViewController.swift in Sources */,
				4E9F8BAA1E6A1D1A00A9CD59 /* ImageTableViewCell.swift in Sources */,
				4E9F8BB01E6A491700A9CD59 /* MoveTableViewCell.swift in Sources */,
				4E9F8BA71E6A1BE500A9CD59 /* NameTableViewCell.swift in Sources */,
				4E9F8BAD1E6A255000A9CD59 /* TitleTableViewCell.swift in Sources */,
				4E9F8BA11E69E77000A9CD59 /* TypeTableViewCell.swift in Sources */,
			);
			runOnlyForDeploymentPostprocessing = 0;
		};
/* End PBXSourcesBuildPhase section */

/* Begin PBXTargetDependency section */
		4E9F8B771E67916C00A9CD59 /* PBXTargetDependency */ = {
			isa = PBXTargetDependency;
			target = 4E9F8B601E67916C00A9CD59 /* PokedexGo */;
			targetProxy = 4E9F8B761E67916C00A9CD59 /* PBXContainerItemProxy */;
		};
		4E9F8B821E67916C00A9CD59 /* PBXTargetDependency */ = {
			isa = PBXTargetDependency;
			target = 4E9F8B601E67916C00A9CD59 /* PokedexGo */;
			targetProxy = 4E9F8B811E67916C00A9CD59 /* PBXContainerItemProxy */;
		};
/* End PBXTargetDependency section */

/* Begin PBXVariantGroup section */
		4E9F8B681E67916C00A9CD59 /* Main.storyboard */ = {
			isa = PBXVariantGroup;
			children = (
				4E9F8B691E67916C00A9CD59 /* Base */,
			);
			name = Main.storyboard;
			sourceTree = "<group>";
		};
		4E9F8B6D1E67916C00A9CD59 /* LaunchScreen.storyboard */ = {
			isa = PBXVariantGroup;
			children = (
				4E9F8B6E1E67916C00A9CD59 /* Base */,
			);
			name = LaunchScreen.storyboard;
			sourceTree = "<group>";
		};
/* End PBXVariantGroup section */

/* Begin XCBuildConfiguration section */
		4E9F8B871E67916C00A9CD59 /* Debug */ = {
			isa = XCBuildConfiguration;
			buildSettings = {
				ALWAYS_SEARCH_USER_PATHS = NO;
				CLANG_ANALYZER_NONNULL = YES;
				CLANG_CXX_LANGUAGE_STANDARD = "gnu++0x";
				CLANG_CXX_LIBRARY = "libc++";
				CLANG_ENABLE_MODULES = YES;
				CLANG_ENABLE_OBJC_ARC = YES;
				CLANG_WARN_BOOL_CONVERSION = YES;
				CLANG_WARN_CONSTANT_CONVERSION = YES;
				CLANG_WARN_DIRECT_OBJC_ISA_USAGE = YES_ERROR;
				CLANG_WARN_DOCUMENTATION_COMMENTS = YES;
				CLANG_WARN_EMPTY_BODY = YES;
				CLANG_WARN_ENUM_CONVERSION = YES;
				CLANG_WARN_INFINITE_RECURSION = YES;
				CLANG_WARN_INT_CONVERSION = YES;
				CLANG_WARN_OBJC_ROOT_CLASS = YES_ERROR;
				CLANG_WARN_SUSPICIOUS_MOVE = YES;
				CLANG_WARN_UNREACHABLE_CODE = YES;
				CLANG_WARN__DUPLICATE_METHOD_MATCH = YES;
				"CODE_SIGN_IDENTITY[sdk=iphoneos*]" = "iPhone Developer";
				COPY_PHASE_STRIP = NO;
				DEBUG_INFORMATION_FORMAT = dwarf;
				ENABLE_STRICT_OBJC_MSGSEND = YES;
				ENABLE_TESTABILITY = YES;
				GCC_C_LANGUAGE_STANDARD = gnu99;
				GCC_DYNAMIC_NO_PIC = NO;
				GCC_NO_COMMON_BLOCKS = YES;
				GCC_OPTIMIZATION_LEVEL = 0;
				GCC_PREPROCESSOR_DEFINITIONS = (
					"DEBUG=1",
					"$(inherited)",
				);
				GCC_WARN_64_TO_32_BIT_CONVERSION = YES;
				GCC_WARN_ABOUT_RETURN_TYPE = YES_ERROR;
				GCC_WARN_UNDECLARED_SELECTOR = YES;
				GCC_WARN_UNINITIALIZED_AUTOS = YES_AGGRESSIVE;
				GCC_WARN_UNUSED_FUNCTION = YES;
				GCC_WARN_UNUSED_VARIABLE = YES;
				IPHONEOS_DEPLOYMENT_TARGET = 10.2;
				MTL_ENABLE_DEBUG_INFO = YES;
				ONLY_ACTIVE_ARCH = YES;
				SDKROOT = iphoneos;
				SWIFT_ACTIVE_COMPILATION_CONDITIONS = DEBUG;
				SWIFT_OPTIMIZATION_LEVEL = "-Onone";
				TARGETED_DEVICE_FAMILY = "1,2";
			};
			name = Debug;
		};
		4E9F8B881E67916C00A9CD59 /* Release */ = {
			isa = XCBuildConfiguration;
			buildSettings = {
				ALWAYS_SEARCH_USER_PATHS = NO;
				CLANG_ANALYZER_NONNULL = YES;
				CLANG_CXX_LANGUAGE_STANDARD = "gnu++0x";
				CLANG_CXX_LIBRARY = "libc++";
				CLANG_ENABLE_MODULES = YES;
				CLANG_ENABLE_OBJC_ARC = YES;
				CLANG_WARN_BOOL_CONVERSION = YES;
				CLANG_WARN_CONSTANT_CONVERSION = YES;
				CLANG_WARN_DIRECT_OBJC_ISA_USAGE = YES_ERROR;
				CLANG_WARN_DOCUMENTATION_COMMENTS = YES;
				CLANG_WARN_EMPTY_BODY = YES;
				CLANG_WARN_ENUM_CONVERSION = YES;
				CLANG_WARN_INFINITE_RECURSION = YES;
				CLANG_WARN_INT_CONVERSION = YES;
				CLANG_WARN_OBJC_ROOT_CLASS = YES_ERROR;
				CLANG_WARN_SUSPICIOUS_MOVE = YES;
				CLANG_WARN_UNREACHABLE_CODE = YES;
				CLANG_WARN__DUPLICATE_METHOD_MATCH = YES;
				"CODE_SIGN_IDENTITY[sdk=iphoneos*]" = "iPhone Developer";
				COPY_PHASE_STRIP = NO;
				DEBUG_INFORMATION_FORMAT = "dwarf-with-dsym";
				ENABLE_NS_ASSERTIONS = NO;
				ENABLE_STRICT_OBJC_MSGSEND = YES;
				GCC_C_LANGUAGE_STANDARD = gnu99;
				GCC_NO_COMMON_BLOCKS = YES;
				GCC_WARN_64_TO_32_BIT_CONVERSION = YES;
				GCC_WARN_ABOUT_RETURN_TYPE = YES_ERROR;
				GCC_WARN_UNDECLARED_SELECTOR = YES;
				GCC_WARN_UNINITIALIZED_AUTOS = YES_AGGRESSIVE;
				GCC_WARN_UNUSED_FUNCTION = YES;
				GCC_WARN_UNUSED_VARIABLE = YES;
				IPHONEOS_DEPLOYMENT_TARGET = 10.2;
				MTL_ENABLE_DEBUG_INFO = NO;
				SDKROOT = iphoneos;
				SWIFT_OPTIMIZATION_LEVEL = "-Owholemodule";
				TARGETED_DEVICE_FAMILY = "1,2";
				VALIDATE_PRODUCT = YES;
			};
			name = Release;
		};
		4E9F8B8A1E67916C00A9CD59 /* Debug */ = {
			isa = XCBuildConfiguration;
			buildSettings = {
				ASSETCATALOG_COMPILER_APPICON_NAME = AppIcon;
				CLANG_ENABLE_MODULES = YES;
				DEVELOPMENT_TEAM = 99V67VH5PP;
				INFOPLIST_FILE = PokedexGo/Info.plist;
				IPHONEOS_DEPLOYMENT_TARGET = 9.0;
				LD_RUNPATH_SEARCH_PATHS = "$(inherited) @executable_path/Frameworks";
				PRODUCT_BUNDLE_IDENTIFIER = com.pokgear.PokedexGo;
				PRODUCT_NAME = "$(TARGET_NAME)";
				SWIFT_OBJC_BRIDGING_HEADER = "PokedexGo/PokedexGo-Bridging-Header.h";
				SWIFT_OPTIMIZATION_LEVEL = "-Onone";
				SWIFT_VERSION = 3.0;
			};
			name = Debug;
		};
		4E9F8B8B1E67916C00A9CD59 /* Release */ = {
			isa = XCBuildConfiguration;
			buildSettings = {
				ASSETCATALOG_COMPILER_APPICON_NAME = AppIcon;
				CLANG_ENABLE_MODULES = YES;
				DEVELOPMENT_TEAM = 99V67VH5PP;
				INFOPLIST_FILE = PokedexGo/Info.plist;
				IPHONEOS_DEPLOYMENT_TARGET = 9.0;
				LD_RUNPATH_SEARCH_PATHS = "$(inherited) @executable_path/Frameworks";
				PRODUCT_BUNDLE_IDENTIFIER = com.pokgear.PokedexGo;
				PRODUCT_NAME = "$(TARGET_NAME)";
				SWIFT_OBJC_BRIDGING_HEADER = "PokedexGo/PokedexGo-Bridging-Header.h";
				SWIFT_VERSION = 3.0;
			};
			name = Release;
		};
		4E9F8B8D1E67916C00A9CD59 /* Debug */ = {
			isa = XCBuildConfiguration;
			buildSettings = {
				ALWAYS_EMBED_SWIFT_STANDARD_LIBRARIES = YES;
				BUNDLE_LOADER = "$(TEST_HOST)";
				INFOPLIST_FILE = PokedexGoTests/Info.plist;
				LD_RUNPATH_SEARCH_PATHS = "$(inherited) @executable_path/Frameworks @loader_path/Frameworks";
				PRODUCT_BUNDLE_IDENTIFIER = com.pokgear.PokedexGoTests;
				PRODUCT_NAME = "$(TARGET_NAME)";
				SWIFT_VERSION = 3.0;
				TEST_HOST = "$(BUILT_PRODUCTS_DIR)/PokedexGo.app/PokedexGo";
			};
			name = Debug;
		};
		4E9F8B8E1E67916C00A9CD59 /* Release */ = {
			isa = XCBuildConfiguration;
			buildSettings = {
				ALWAYS_EMBED_SWIFT_STANDARD_LIBRARIES = YES;
				BUNDLE_LOADER = "$(TEST_HOST)";
				INFOPLIST_FILE = PokedexGoTests/Info.plist;
				LD_RUNPATH_SEARCH_PATHS = "$(inherited) @executable_path/Frameworks @loader_path/Frameworks";
				PRODUCT_BUNDLE_IDENTIFIER = com.pokgear.PokedexGoTests;
				PRODUCT_NAME = "$(TARGET_NAME)";
				SWIFT_VERSION = 3.0;
				TEST_HOST = "$(BUILT_PRODUCTS_DIR)/PokedexGo.app/PokedexGo";
			};
			name = Release;
		};
		4E9F8B901E67916C00A9CD59 /* Debug */ = {
			isa = XCBuildConfiguration;
			buildSettings = {
				ALWAYS_EMBED_SWIFT_STANDARD_LIBRARIES = YES;
				INFOPLIST_FILE = PokedexGoUITests/Info.plist;
				LD_RUNPATH_SEARCH_PATHS = "$(inherited) @executable_path/Frameworks @loader_path/Frameworks";
				PRODUCT_BUNDLE_IDENTIFIER = com.pokgear.PokedexGoUITests;
				PRODUCT_NAME = "$(TARGET_NAME)";
				SWIFT_VERSION = 3.0;
				TEST_TARGET_NAME = PokedexGo;
			};
			name = Debug;
		};
		4E9F8B911E67916C00A9CD59 /* Release */ = {
			isa = XCBuildConfiguration;
			buildSettings = {
				ALWAYS_EMBED_SWIFT_STANDARD_LIBRARIES = YES;
				INFOPLIST_FILE = PokedexGoUITests/Info.plist;
				LD_RUNPATH_SEARCH_PATHS = "$(inherited) @executable_path/Frameworks @loader_path/Frameworks";
				PRODUCT_BUNDLE_IDENTIFIER = com.pokgear.PokedexGoUITests;
				PRODUCT_NAME = "$(TARGET_NAME)";
				SWIFT_VERSION = 3.0;
				TEST_TARGET_NAME = PokedexGo;
			};
			name = Release;
		};
/* End XCBuildConfiguration section */

/* Begin XCConfigurationList section */
		4E9F8B5C1E67916C00A9CD59 /* Build configuration list for PBXProject "PokedexGo" */ = {
			isa = XCConfigurationList;
			buildConfigurations = (
				4E9F8B871E67916C00A9CD59 /* Debug */,
				4E9F8B881E67916C00A9CD59 /* Release */,
			);
			defaultConfigurationIsVisible = 0;
			defaultConfigurationName = Release;
		};
		4E9F8B891E67916C00A9CD59 /* Build configuration list for PBXNativeTarget "PokedexGo" */ = {
			isa = XCConfigurationList;
			buildConfigurations = (
				4E9F8B8A1E67916C00A9CD59 /* Debug */,
				4E9F8B8B1E67916C00A9CD59 /* Release */,
			);
			defaultConfigurationIsVisible = 0;
			defaultConfigurationName = Release;
		};
		4E9F8B8C1E67916C00A9CD59 /* Build configuration list for PBXNativeTarget "PokedexGoTests" */ = {
			isa = XCConfigurationList;
			buildConfigurations = (
				4E9F8B8D1E67916C00A9CD59 /* Debug */,
				4E9F8B8E1E67916C00A9CD59 /* Release */,
			);
			defaultConfigurationIsVisible = 0;
			defaultConfigurationName = Release;
		};
		4E9F8B8F1E67916C00A9CD59 /* Build configuration list for PBXNativeTarget "PokedexGoUITests" */ = {
			isa = XCConfigurationList;
			buildConfigurations = (
				4E9F8B901E67916C00A9CD59 /* Debug */,
				4E9F8B911E67916C00A9CD59 /* Release */,
			);
			defaultConfigurationIsVisible = 0;
			defaultConfigurationName = Release;
		};
/* End XCConfigurationList section */
	};
	rootObject = 4E9F8B591E67916C00A9CD59 /* Project object */;
}
